{
  "version": 4,
  "terraform_version": "0.12.13",
  "serial": 7,
  "lineage": "9b37336f-c6d4-0b5a-88fa-a89863be0985",
  "outputs": {
    "bastion_public_ip": {
      "value": "54.93.40.10",
      "type": "string"
    }
  },
  "resources": [
    {
      "mode": "managed",
      "type": "aws_default_vpc",
      "name": "default",
      "provider": "provider.aws",
      "instances": [
        {
          "schema_version": 1,
          "attributes": {
            "arn": "arn:aws:ec2:eu-central-1:944388725544:vpc/vpc-d000eeb9",
            "assign_generated_ipv6_cidr_block": false,
            "cidr_block": "172.31.0.0/16",
            "default_network_acl_id": "acl-aa876ec3",
            "default_route_table_id": "rtb-6691780f",
            "default_security_group_id": "sg-6e5ab107",
            "dhcp_options_id": "dopt-42dc3d2b",
            "enable_classiclink": null,
            "enable_classiclink_dns_support": null,
            "enable_dns_hostnames": true,
            "enable_dns_support": true,
            "id": "vpc-d000eeb9",
            "instance_tenancy": "default",
            "ipv6_association_id": "",
            "ipv6_cidr_block": "",
            "main_route_table_id": "rtb-6691780f",
            "owner_id": "944388725544",
            "tags": {}
          },
          "private": "eyJzY2hlbWFfdmVyc2lvbiI6IjEifQ=="
        }
      ]
    },
    {
      "mode": "managed",
      "type": "aws_instance",
      "name": "bastion",
      "provider": "provider.aws",
      "instances": [
        {
          "schema_version": 1,
          "attributes": {
            "ami": "ami-0cc0a36f626a4fdf5",
            "arn": "arn:aws:ec2:eu-central-1:944388725544:instance/i-082839bec0d5d08c0",
            "associate_public_ip_address": true,
            "availability_zone": "eu-central-1b",
            "cpu_core_count": 1,
            "cpu_threads_per_core": 1,
            "credit_specification": [
              {
                "cpu_credits": "standard"
              }
            ],
            "disable_api_termination": false,
            "ebs_block_device": [],
            "ebs_optimized": false,
            "ephemeral_block_device": [],
            "get_password_data": false,
            "host_id": null,
            "iam_instance_profile": "",
            "id": "i-082839bec0d5d08c0",
            "instance_initiated_shutdown_behavior": null,
            "instance_state": "running",
            "instance_type": "t2.micro",
            "ipv6_address_count": 0,
            "ipv6_addresses": [],
            "key_name": "",
            "monitoring": false,
            "network_interface": [],
            "network_interface_id": null,
            "password_data": "",
            "placement_group": "",
            "primary_network_interface_id": "eni-01588590c0debbd87",
            "private_dns": "ip-172-31-14-245.eu-central-1.compute.internal",
            "private_ip": "172.31.14.245",
            "public_dns": "ec2-54-93-40-10.eu-central-1.compute.amazonaws.com",
            "public_ip": "54.93.40.10",
            "root_block_device": [
              {
                "delete_on_termination": true,
                "encrypted": false,
                "iops": 100,
                "kms_key_id": "",
                "volume_id": "vol-0deebc4ad36986221",
                "volume_size": 8,
                "volume_type": "gp2"
              }
            ],
            "security_groups": [
              "default"
            ],
            "source_dest_check": true,
            "subnet_id": "subnet-b3e7f0cb",
            "tags": {},
            "tenancy": "default",
            "timeouts": null,
            "user_data": null,
            "user_data_base64": null,
            "volume_tags": {},
            "vpc_security_group_ids": [
              "sg-6e5ab107"
            ]
          },
          "private": "eyJlMmJmYjczMC1lY2FhLTExZTYtOGY4OC0zNDM2M2JjN2M0YzAiOnsiY3JlYXRlIjo2MDAwMDAwMDAwMDAsImRlbGV0ZSI6MTIwMDAwMDAwMDAwMCwidXBkYXRlIjo2MDAwMDAwMDAwMDB9LCJzY2hlbWFfdmVyc2lvbiI6IjEifQ=="
        }
      ]
    },
    {
      "mode": "managed",
      "type": "aws_key_pair",
      "name": "bastion_key",
      "provider": "provider.aws",
      "instances": [
        {
          "schema_version": 1,
          "attributes": {
            "fingerprint": "92:30:ad:f0:08:26:c7:5e:e4:6c:1c:58:89:4a:05:96",
            "id": "aws_bastion",
            "key_name": "aws_bastion",
            "key_name_prefix": null,
            "public_key": "ssh-rsa AAAAB3NzaC1yc2EAAAADAQABAAACAQDAnf/n3nU70tmeBfs6XQf3UREW80cBWtQjjMLu/b73qLHeNZlif+0wZkRq1dJxNSir4DgQ8q0Yggc/1101Dgeva8fYdxyt0I11A6LeHu0U0hRHrhUXfbMOmmRyA4cvV4jf1qoQRy/sHbnxMDmiL5kosoUKhFj3VB+oQLRkhi0rFrlVsDOMNPj3Amgm2o4uosAqaJcdFs+4SnbOZ31TzvrPrVwsE8maVNCsBaszMgdpX4Mf18d/FWN4+89REDj0c4i+00Gh/bXWwMgGWKrFNovFJHp/blhtbpT0MkAnbTibsGlAd05p3lZOuNtXajxj0voDVepxFyCMwlM10pA0EEi+Qp/ApT8CIlqRStHEp/WTh8F4uVsRk9WW41z6597wxJlMUrHNSJBPhI8IEcKaI9L/ivgtDclxQ1VgC3cyw2vJeF302NpT+AEVaOdVktL9jUzCPNSin6SBLygalZ3sZQjDVYoqAXBloDjAeW9nzBAaj2b/Ha+xMa6sw+mgDqD48mVzIDKZn3R5Ce4Q3LvZ2ex3oP8ijlJYLvD97a56yDaerRtGqX0NZVe1J3D7brDxwocBTu+4ErM1EbzpSRR79p9HpzqLqxM3F/IZsQ+URlTv3JnFHuboRG6lCW3oO2pDcxpLQ76mc05xgNmI4Au41JsdZJk0hVm1FOygZ9Hg/dV7YQ== i.batyrov@gmail.com"
          },
          "private": "eyJzY2hlbWFfdmVyc2lvbiI6IjEifQ=="
        }
      ]
    },
    {
      "mode": "managed",
      "type": "aws_security_group",
      "name": "bastion-sg",
      "provider": "provider.aws",
      "instances": [
        {
          "schema_version": 1,
          "attributes": {
            "arn": "arn:aws:ec2:eu-central-1:944388725544:security-group/sg-0ad14289dcc757324",
            "description": "Managed by Terraform",
            "egress": [],
            "id": "sg-0ad14289dcc757324",
            "ingress": [
              {
                "cidr_blocks": [
                  "0.0.0.0/0"
                ],
                "description": "",
                "from_port": 22,
                "ipv6_cidr_blocks": [],
                "prefix_list_ids": [],
                "protocol": "tcp",
                "security_groups": [],
                "self": false,
                "to_port": 22
              }
            ],
            "name": "bastion-security-group",
            "name_prefix": null,
            "owner_id": "944388725544",
            "revoke_rules_on_delete": false,
            "tags": null,
            "timeouts": null,
            "vpc_id": "vpc-d000eeb9"
          },
          "private": "eyJlMmJmYjczMC1lY2FhLTExZTYtOGY4OC0zNDM2M2JjN2M0YzAiOnsiY3JlYXRlIjo2MDAwMDAwMDAwMDAsImRlbGV0ZSI6NjAwMDAwMDAwMDAwfSwic2NoZW1hX3ZlcnNpb24iOiIxIn0=",
          "depends_on": [
            "aws_default_vpc.default"
          ]
        }
      ]
    }
  ]
}
